github.com/go-logr/logr v1.4.3 h1:CjnDlHq8ikf6E492q6eKboGOC0T8CDaOvkHCIg8idEI=
github.com/go-logr/logr v1.4.3/go.mod h1:9T104GzyrTigFIr8wt5mBrctHMim0Nb2HLGrmQ40KvY=
github.com/lib/pq v1.10.9 h1:YXG7RB+JIjhP29X+OtkiDnYaXQwpS4JEWq7dtCCRUEw=
github.com/lib/pq v1.10.9/go.mod h1:AlVN5x4E4T544tWzH6hKfbfQvm3HdbOxrmggDNAPY9o=
github.com/violin0622/robit v0.1.0 h1:yPNb4dY56MjyV7O41u4ROa4+5xa9Dgs8GjPEU0qAbhg=
github.com/violin0622/robit v0.1.0/go.mod h1:oU3KiM9suYTaehNryL9HAfcRcEmCVXZLRGsGTPmrjkQ=
